dependencies:
- name: common-lib
  repository: file://../common-lib
  version: 1.0.0
- name: common
  repository: file://../common
  version: 1.0.2
- name: auth-user-service
  repository: file://../auth-user
  version: 1.0.0
- name: gateway-service
  repository: file://../gateway
  version: 1.0.0
- name: collab-service
  repository: file://../collab
  version: 1.0.0
- name: problem-service
  repository: file://../problem
  version: 1.0.0
- name: code-manage-service
  repository: file://../code-manage
  version: 1.0.0
- name: code-execution-service
  repository: file://../code-execution
  version: 1.0.0
digest: sha256:20b86d41553193b3e6a6007b6fbd1166955ee3f30ca672948a4c8d5d9905b4a0
generated: "2025-12-01T23:57:35.210141+05:30"
