dependencies:
- name: common-lib
  repository: file://../common-lib
  version: 1.0.0
- name: common
  repository: file://../common
  version: 1.0.6
- name: auth-user-service
  repository: file://../auth-user
  version: 1.0.1
- name: gateway-service
  repository: file://../gateway
  version: 1.0.1
- name: collab-service
  repository: file://../collab
  version: 1.0.2
- name: problem-service
  repository: file://../problem
  version: 1.0.1
- name: code-manage-service
  repository: file://../code-manage
  version: 1.0.1
- name: code-execution-service
  repository: file://../code-execution
  version: 1.0.2
digest: sha256:4303b9ca475801332a995391fd5bde2566e0aa56f874013c0321f00656596f9c
generated: "2025-12-02T04:30:21.508376+05:30"
