dependencies:
- name: common-lib
  repository: file://../common-lib
  version: 1.0.0
- name: common
  repository: file://../common
  version: 1.0.3
- name: auth-user-service
  repository: file://../auth-user
  version: 1.0.0
- name: gateway-service
  repository: file://../gateway
  version: 1.0.0
- name: collab-service
  repository: file://../collab
  version: 1.0.0
- name: problem-service
  repository: file://../problem
  version: 1.0.0
- name: code-manage-service
  repository: file://../code-manage
  version: 1.0.0
- name: code-execution-service
  repository: file://../code-execution
  version: 1.0.0
digest: sha256:411f844238b51a865a6b8a876a9f31316924a661b291f06001d342583b4ac2ea
generated: "2025-12-02T00:16:44.883717+05:30"
